
Microsoft Visual Studio Solution File, Format Version 12.00
# Visual Studio Version 16
VisualStudioVersion = 16.0.31019.35
MinimumVisualStudioVersion = 10.0.40219.1
Project("{FAE04EC0-301F-11D3-BF4B-00C04F79EFBC}") = "Matrix", "Matrix\Matrix.csproj", "{9143A388-5153-431C-9DF0-7FD4194BF8FE}"
EndProject
Project("{FAE04EC0-301F-11D3-BF4B-00C04F79EFBC}") = "Matrix.Tests", "Matrix.Tests\Matrix.Tests.csproj", "{44D30956-6FE1-4CCF-B638-E572810D9B4B}"
EndProject
Global
	GlobalSection(SolutionConfigurationPlatforms) = preSolution
		Debug|Any CPU = Debug|Any CPU
		Release|Any CPU = Release|Any CPU
	EndGlobalSection
	GlobalSection(ProjectConfigurationPlatforms) = postSolution
		{9143A388-5153-431C-9DF0-7FD4194BF8FE}.Debug|Any CPU.ActiveCfg = Debug|Any CPU
		{9143A388-5153-431C-9DF0-7FD4194BF8FE}.Debug|Any CPU.Build.0 = Debug|Any CPU
		{9143A388-5153-431C-9DF0-7FD4194BF8FE}.Release|Any CPU.ActiveCfg = Release|Any CPU
		{9143A388-5153-431C-9DF0-7FD4194BF8FE}.Release|Any CPU.Build.0 = Release|Any CPU
		{44D30956-6FE1-4CCF-B638-E572810D9B4B}.Debug|Any CPU.ActiveCfg = Debug|Any CPU
		{44D30956-6FE1-4CCF-B638-E572810D9B4B}.Debug|Any CPU.Build.0 = Debug|Any CPU
		{44D30956-6FE1-4CCF-B638-E572810D9B4B}.Release|Any CPU.ActiveCfg = Release|Any CPU
		{44D30956-6FE1-4CCF-B638-E572810D9B4B}.Release|Any CPU.Build.0 = Release|Any CPU
	EndGlobalSection
	GlobalSection(SolutionProperties) = preSolution
		HideSolutionNode = FALSE
	EndGlobalSection
	GlobalSection(ExtensibilityGlobals) = postSolution
		SolutionGuid = {1FCF5CB6-70F7-4EA3-BC7E-56FCF81CD489}
	EndGlobalSection
EndGlobal
